
Microsoft Visual Studio Solution File, Format Version 12.00
# Visual Studio 15
VisualStudioVersion = 15.0.27924.0
MinimumVisualStudioVersion = 10.0.40219.1
Project("{2150E333-8FDC-42A3-9474-1A3956D46DE8}") = "2.数据库表的创建和迁移", "2.数据库表的创建和迁移", "{E4C42A05-9DBB-47B9-A484-28F0165B7DFB}"
EndProject
Project("{FAE04EC0-301F-11D3-BF4B-00C04F79EFBC}") = "2.1.数据库连接和初始化策略", "2.数据库表的创建和迁移\2.1.数据库连接和初始化策略\2.1.数据库连接和初始化策略.csproj", "{F34E02B2-CC96-4C17-A343-46BD156841B0}"
EndProject
Project("{FAE04EC0-301F-11D3-BF4B-00C04F79EFBC}") = "2.2.约定", "2.数据库表的创建和迁移\2.2.约定\2.2.约定.csproj", "{92160E93-FECF-4D94-9279-C3142D082D00}"
EndProject
Project("{FAE04EC0-301F-11D3-BF4B-00C04F79EFBC}") = "2.4.属性映射与关系映射", "2.数据库表的创建和迁移\2.4.属性映射与关系映射\2.4.属性映射与关系映射.csproj", "{DD45A5C6-E7B7-4437-9446-BAEAFA85F0D4}"
EndProject
Project("{2150E333-8FDC-42A3-9474-1A3956D46DE8}") = "4.上下文管理与变更追踪原理", "4.上下文管理与变更追踪原理", "{980C1D04-1C2F-43EF-A7FE-57D3923A1B99}"
EndProject
Project("{FAE04EC0-301F-11D3-BF4B-00C04F79EFBC}") = "4.1.上下文非线程安全", "4.上下文管理与变更追踪原理\4.1.上下文非线程安全\4.1.上下文非线程安全.csproj", "{33A05D30-149A-4846-BB8E-56FC4E2F7710}"
EndProject
Project("{FAE04EC0-301F-11D3-BF4B-00C04F79EFBC}") = "4.2.变更追踪", "4.上下文管理与变更追踪原理\4.2.变更追踪\4.2.变更追踪.csproj", "{F06E7624-EC44-409B-8573-38C8904AF74B}"
EndProject
Project("{2150E333-8FDC-42A3-9474-1A3956D46DE8}") = "5.日志管理", "5.日志管理", "{2303C064-8C74-41C2-B22C-706668362350}"
EndProject
Project("{FAE04EC0-301F-11D3-BF4B-00C04F79EFBC}") = "5.1.简单打印SQL", "5.日志管理\5.1.简单打印SQL\5.1.简单打印SQL.csproj", "{830FB106-2374-4C9A-9E4C-4719901BA6D9}"
EndProject
Project("{2150E333-8FDC-42A3-9474-1A3956D46DE8}") = "1.Common", "1.Common", "{5EB3ABAA-415A-4045-8E49-BAE9874014F3}"
EndProject
Project("{FAE04EC0-301F-11D3-BF4B-00C04F79EFBC}") = "Infrastructure.NetFramework", "1.Common\Infrastructure.NetFramework\Infrastructure.NetFramework.csproj", "{84FC7E63-C324-46D9-9BBF-5CDAA2B49A49}"
EndProject
Project("{FAE04EC0-301F-11D3-BF4B-00C04F79EFBC}") = "5.2.结构化日志输出", "5.日志管理\5.2.结构化日志输出\5.2.结构化日志输出.csproj", "{372570F9-CC87-4044-89E7-B69EB1E264E6}"
EndProject
Project("{2150E333-8FDC-42A3-9474-1A3956D46DE8}") = "6.并发冲突", "6.并发冲突", "{263C1C9B-0D8B-44C6-9E2E-125FD9C5CD72}"
EndProject
Project("{FAE04EC0-301F-11D3-BF4B-00C04F79EFBC}") = "并发冲突", "6.并发冲突\并发冲突\并发冲突.csproj", "{35633494-EED0-4638-82FC-01690F3B5B90}"
EndProject
Project("{2150E333-8FDC-42A3-9474-1A3956D46DE8}") = "7.性能优化实践", "7.性能优化实践", "{BA11196E-5E60-492A-8FDA-A83A0529FA24}"
EndProject
Project("{FAE04EC0-301F-11D3-BF4B-00C04F79EFBC}") = "7.1.预编译视图", "7.性能优化实践\7.1.预编译视图\7.1.预编译视图.csproj", "{10817173-96A4-4BED-8689-0DEA95404319}"
EndProject
Project("{FAE04EC0-301F-11D3-BF4B-00C04F79EFBC}") = "7.2.减少首次与数据库交互的代码", "7.性能优化实践\7.2.减少首次与数据库交互的代码\7.2.减少首次与数据库交互的代码.csproj", "{A1E381DE-26E1-4185-930F-7185AD64D4E9}"
EndProject
Project("{FAE04EC0-301F-11D3-BF4B-00C04F79EFBC}") = "7.4.使用AsNoTracking", "7.性能优化实践\7.4.使用AsNoTracking\7.4.使用AsNoTracking.csproj", "{7065E719-434B-49EA-977F-BE58751DEBB2}"
EndProject
Project("{FAE04EC0-301F-11D3-BF4B-00C04F79EFBC}") = "7.5.缓存", "7.性能优化实践\7.5.缓存\7.5.缓存.csproj", "{F1D1413B-D469-446F-B49C-C3C8AB9244A8}"
EndProject
Project("{FAE04EC0-301F-11D3-BF4B-00C04F79EFBC}") = "7.7.避免N加1Select查询", "7.性能优化实践\7.7.避免N加1Select查询\7.7.避免N加1Select查询.csproj", "{066E7D99-DAE2-4CE1-A936-9026F430ADEB}"
EndProject
Project("{FAE04EC0-301F-11D3-BF4B-00C04F79EFBC}") = "7.9.关闭回调DetectChanges方法", "7.性能优化实践\7.9.关闭回调DetectChanges方法\7.9.关闭回调DetectChanges方法.csproj", "{678CEC4A-B2AA-4DB0-B0A9-B7278FEE1CF4}"
EndProject
Project("{2150E333-8FDC-42A3-9474-1A3956D46DE8}") = "9.EFCore数据库表的创建和迁移", "9.EFCore数据库表的创建和迁移", "{97D9DA7B-FC51-4EAC-99EE-B8DE3F7348C0}"
EndProject
Project("{FAE04EC0-301F-11D3-BF4B-00C04F79EFBC}") = "9.1.属性映射", "9.EFCore数据库表的创建和迁移\9.1.属性映射\9.1.属性映射.csproj", "{7CD27216-EB3D-4770-9AF8-DC6AF9BEA5DE}"
EndProject
Global
	GlobalSection(SolutionConfigurationPlatforms) = preSolution
		Debug|Any CPU = Debug|Any CPU
		Release|Any CPU = Release|Any CPU
	EndGlobalSection
	GlobalSection(ProjectConfigurationPlatforms) = postSolution
		{F34E02B2-CC96-4C17-A343-46BD156841B0}.Debug|Any CPU.ActiveCfg = Debug|Any CPU
		{F34E02B2-CC96-4C17-A343-46BD156841B0}.Debug|Any CPU.Build.0 = Debug|Any CPU
		{F34E02B2-CC96-4C17-A343-46BD156841B0}.Release|Any CPU.ActiveCfg = Release|Any CPU
		{F34E02B2-CC96-4C17-A343-46BD156841B0}.Release|Any CPU.Build.0 = Release|Any CPU
		{92160E93-FECF-4D94-9279-C3142D082D00}.Debug|Any CPU.ActiveCfg = Debug|Any CPU
		{92160E93-FECF-4D94-9279-C3142D082D00}.Debug|Any CPU.Build.0 = Debug|Any CPU
		{92160E93-FECF-4D94-9279-C3142D082D00}.Release|Any CPU.ActiveCfg = Release|Any CPU
		{92160E93-FECF-4D94-9279-C3142D082D00}.Release|Any CPU.Build.0 = Release|Any CPU
		{DD45A5C6-E7B7-4437-9446-BAEAFA85F0D4}.Debug|Any CPU.ActiveCfg = Debug|Any CPU
		{DD45A5C6-E7B7-4437-9446-BAEAFA85F0D4}.Debug|Any CPU.Build.0 = Debug|Any CPU
		{DD45A5C6-E7B7-4437-9446-BAEAFA85F0D4}.Release|Any CPU.ActiveCfg = Release|Any CPU
		{DD45A5C6-E7B7-4437-9446-BAEAFA85F0D4}.Release|Any CPU.Build.0 = Release|Any CPU
		{33A05D30-149A-4846-BB8E-56FC4E2F7710}.Debug|Any CPU.ActiveCfg = Debug|Any CPU
		{33A05D30-149A-4846-BB8E-56FC4E2F7710}.Debug|Any CPU.Build.0 = Debug|Any CPU
		{33A05D30-149A-4846-BB8E-56FC4E2F7710}.Release|Any CPU.ActiveCfg = Release|Any CPU
		{33A05D30-149A-4846-BB8E-56FC4E2F7710}.Release|Any CPU.Build.0 = Release|Any CPU
		{F06E7624-EC44-409B-8573-38C8904AF74B}.Debug|Any CPU.ActiveCfg = Debug|Any CPU
		{F06E7624-EC44-409B-8573-38C8904AF74B}.Debug|Any CPU.Build.0 = Debug|Any CPU
		{F06E7624-EC44-409B-8573-38C8904AF74B}.Release|Any CPU.ActiveCfg = Release|Any CPU
		{F06E7624-EC44-409B-8573-38C8904AF74B}.Release|Any CPU.Build.0 = Release|Any CPU
		{830FB106-2374-4C9A-9E4C-4719901BA6D9}.Debug|Any CPU.ActiveCfg = Debug|Any CPU
		{830FB106-2374-4C9A-9E4C-4719901BA6D9}.Debug|Any CPU.Build.0 = Debug|Any CPU
		{830FB106-2374-4C9A-9E4C-4719901BA6D9}.Release|Any CPU.ActiveCfg = Release|Any CPU
		{830FB106-2374-4C9A-9E4C-4719901BA6D9}.Release|Any CPU.Build.0 = Release|Any CPU
		{84FC7E63-C324-46D9-9BBF-5CDAA2B49A49}.Debug|Any CPU.ActiveCfg = Debug|Any CPU
		{84FC7E63-C324-46D9-9BBF-5CDAA2B49A49}.Debug|Any CPU.Build.0 = Debug|Any CPU
		{84FC7E63-C324-46D9-9BBF-5CDAA2B49A49}.Release|Any CPU.ActiveCfg = Release|Any CPU
		{84FC7E63-C324-46D9-9BBF-5CDAA2B49A49}.Release|Any CPU.Build.0 = Release|Any CPU
		{372570F9-CC87-4044-89E7-B69EB1E264E6}.Debug|Any CPU.ActiveCfg = Debug|Any CPU
		{372570F9-CC87-4044-89E7-B69EB1E264E6}.Debug|Any CPU.Build.0 = Debug|Any CPU
		{372570F9-CC87-4044-89E7-B69EB1E264E6}.Release|Any CPU.ActiveCfg = Release|Any CPU
		{372570F9-CC87-4044-89E7-B69EB1E264E6}.Release|Any CPU.Build.0 = Release|Any CPU
		{35633494-EED0-4638-82FC-01690F3B5B90}.Debug|Any CPU.ActiveCfg = Debug|Any CPU
		{35633494-EED0-4638-82FC-01690F3B5B90}.Debug|Any CPU.Build.0 = Debug|Any CPU
		{35633494-EED0-4638-82FC-01690F3B5B90}.Release|Any CPU.ActiveCfg = Release|Any CPU
		{35633494-EED0-4638-82FC-01690F3B5B90}.Release|Any CPU.Build.0 = Release|Any CPU
		{10817173-96A4-4BED-8689-0DEA95404319}.Debug|Any CPU.ActiveCfg = Debug|Any CPU
		{10817173-96A4-4BED-8689-0DEA95404319}.Debug|Any CPU.Build.0 = Debug|Any CPU
		{10817173-96A4-4BED-8689-0DEA95404319}.Release|Any CPU.ActiveCfg = Release|Any CPU
		{10817173-96A4-4BED-8689-0DEA95404319}.Release|Any CPU.Build.0 = Release|Any CPU
		{A1E381DE-26E1-4185-930F-7185AD64D4E9}.Debug|Any CPU.ActiveCfg = Debug|Any CPU
		{A1E381DE-26E1-4185-930F-7185AD64D4E9}.Debug|Any CPU.Build.0 = Debug|Any CPU
		{A1E381DE-26E1-4185-930F-7185AD64D4E9}.Release|Any CPU.ActiveCfg = Release|Any CPU
		{A1E381DE-26E1-4185-930F-7185AD64D4E9}.Release|Any CPU.Build.0 = Release|Any CPU
		{7065E719-434B-49EA-977F-BE58751DEBB2}.Debug|Any CPU.ActiveCfg = Debug|Any CPU
		{7065E719-434B-49EA-977F-BE58751DEBB2}.Debug|Any CPU.Build.0 = Debug|Any CPU
		{7065E719-434B-49EA-977F-BE58751DEBB2}.Release|Any CPU.ActiveCfg = Release|Any CPU
		{7065E719-434B-49EA-977F-BE58751DEBB2}.Release|Any CPU.Build.0 = Release|Any CPU
		{F1D1413B-D469-446F-B49C-C3C8AB9244A8}.Debug|Any CPU.ActiveCfg = Debug|Any CPU
		{F1D1413B-D469-446F-B49C-C3C8AB9244A8}.Debug|Any CPU.Build.0 = Debug|Any CPU
		{F1D1413B-D469-446F-B49C-C3C8AB9244A8}.Release|Any CPU.ActiveCfg = Release|Any CPU
		{F1D1413B-D469-446F-B49C-C3C8AB9244A8}.Release|Any CPU.Build.0 = Release|Any CPU
		{066E7D99-DAE2-4CE1-A936-9026F430ADEB}.Debug|Any CPU.ActiveCfg = Debug|Any CPU
		{066E7D99-DAE2-4CE1-A936-9026F430ADEB}.Debug|Any CPU.Build.0 = Debug|Any CPU
		{066E7D99-DAE2-4CE1-A936-9026F430ADEB}.Release|Any CPU.ActiveCfg = Release|Any CPU
		{066E7D99-DAE2-4CE1-A936-9026F430ADEB}.Release|Any CPU.Build.0 = Release|Any CPU
		{678CEC4A-B2AA-4DB0-B0A9-B7278FEE1CF4}.Debug|Any CPU.ActiveCfg = Debug|Any CPU
		{678CEC4A-B2AA-4DB0-B0A9-B7278FEE1CF4}.Debug|Any CPU.Build.0 = Debug|Any CPU
		{678CEC4A-B2AA-4DB0-B0A9-B7278FEE1CF4}.Release|Any CPU.ActiveCfg = Release|Any CPU
		{678CEC4A-B2AA-4DB0-B0A9-B7278FEE1CF4}.Release|Any CPU.Build.0 = Release|Any CPU
		{7CD27216-EB3D-4770-9AF8-DC6AF9BEA5DE}.Debug|Any CPU.ActiveCfg = Debug|Any CPU
		{7CD27216-EB3D-4770-9AF8-DC6AF9BEA5DE}.Debug|Any CPU.Build.0 = Debug|Any CPU
		{7CD27216-EB3D-4770-9AF8-DC6AF9BEA5DE}.Release|Any CPU.ActiveCfg = Release|Any CPU
		{7CD27216-EB3D-4770-9AF8-DC6AF9BEA5DE}.Release|Any CPU.Build.0 = Release|Any CPU
	EndGlobalSection
	GlobalSection(SolutionProperties) = preSolution
		HideSolutionNode = FALSE
	EndGlobalSection
	GlobalSection(NestedProjects) = preSolution
		{F34E02B2-CC96-4C17-A343-46BD156841B0} = {E4C42A05-9DBB-47B9-A484-28F0165B7DFB}
		{92160E93-FECF-4D94-9279-C3142D082D00} = {E4C42A05-9DBB-47B9-A484-28F0165B7DFB}
		{DD45A5C6-E7B7-4437-9446-BAEAFA85F0D4} = {E4C42A05-9DBB-47B9-A484-28F0165B7DFB}
		{33A05D30-149A-4846-BB8E-56FC4E2F7710} = {980C1D04-1C2F-43EF-A7FE-57D3923A1B99}
		{F06E7624-EC44-409B-8573-38C8904AF74B} = {980C1D04-1C2F-43EF-A7FE-57D3923A1B99}
		{830FB106-2374-4C9A-9E4C-4719901BA6D9} = {2303C064-8C74-41C2-B22C-706668362350}
		{84FC7E63-C324-46D9-9BBF-5CDAA2B49A49} = {5EB3ABAA-415A-4045-8E49-BAE9874014F3}
		{372570F9-CC87-4044-89E7-B69EB1E264E6} = {2303C064-8C74-41C2-B22C-706668362350}
		{35633494-EED0-4638-82FC-01690F3B5B90} = {263C1C9B-0D8B-44C6-9E2E-125FD9C5CD72}
		{10817173-96A4-4BED-8689-0DEA95404319} = {BA11196E-5E60-492A-8FDA-A83A0529FA24}
		{A1E381DE-26E1-4185-930F-7185AD64D4E9} = {BA11196E-5E60-492A-8FDA-A83A0529FA24}
		{7065E719-434B-49EA-977F-BE58751DEBB2} = {BA11196E-5E60-492A-8FDA-A83A0529FA24}
		{F1D1413B-D469-446F-B49C-C3C8AB9244A8} = {BA11196E-5E60-492A-8FDA-A83A0529FA24}
		{066E7D99-DAE2-4CE1-A936-9026F430ADEB} = {BA11196E-5E60-492A-8FDA-A83A0529FA24}
		{678CEC4A-B2AA-4DB0-B0A9-B7278FEE1CF4} = {BA11196E-5E60-492A-8FDA-A83A0529FA24}
		{7CD27216-EB3D-4770-9AF8-DC6AF9BEA5DE} = {97D9DA7B-FC51-4EAC-99EE-B8DE3F7348C0}
	EndGlobalSection
	GlobalSection(ExtensibilityGlobals) = postSolution
		SolutionGuid = {B3F6647A-61F4-4AD3-B5A3-0BC8B59D9084}
	EndGlobalSection
EndGlobal
